
Microsoft Visual Studio Solution File, Format Version 12.00
# Visual Studio 14
VisualStudioVersion = 14.0.25420.1
MinimumVisualStudioVersion = 10.0.40219.1
Project("{FAE04EC0-301F-11D3-BF4B-00C04F79EFBC}") = "SCWXamarinFormsDemo", "SCWXamarinFormsDemo\SCWXamarinFormsDemo\SCWXamarinFormsDemo.csproj", "{CDEE2020-CEB6-4361-8126-DA20E8598411}"
EndProject
Project("{FAE04EC0-301F-11D3-BF4B-00C04F79EFBC}") = "SCWXamarinFormsDemo.Droid", "SCWXamarinFormsDemo\SCWXamarinFormsDemo.Droid\SCWXamarinFormsDemo.Droid.csproj", "{806A2FDF-1217-4ED2-8487-DCD29E1AAAED}"
EndProject
Project("{FAE04EC0-301F-11D3-BF4B-00C04F79EFBC}") = "SCWXamarinFormsDemo.iOS", "SCWXamarinFormsDemo\SCWXamarinFormsDemo.iOS\SCWXamarinFormsDemo.iOS.csproj", "{2451159A-8E7D-4A8E-B0F5-8639A69EC5D8}"
EndProject
Project("{FAE04EC0-301F-11D3-BF4B-00C04F79EFBC}") = "SCWXamarinFormsDemo.WinPhone", "SCWXamarinFormsDemo\SCWXamarinFormsDemo.WinPhone\SCWXamarinFormsDemo.WinPhone.csproj", "{9718AB05-11BB-44CC-9082-2F42B36EFB09}"
EndProject
Project("{FAE04EC0-301F-11D3-BF4B-00C04F79EFBC}") = "SCWXamarinFormsDemo.UWP", "SCWXamarinFormsDemo\SCWXamarinFormsDemo.UWP\SCWXamarinFormsDemo.UWP.csproj", "{C0D0139C-31E8-4470-9A06-47782B825AB6}"
EndProject
Project("{FAE04EC0-301F-11D3-BF4B-00C04F79EFBC}") = "SCWXamarinFormsDemo.Windows", "SCWXamarinFormsDemo\SCWXamarinFormsDemo.Windows\SCWXamarinFormsDemo.Windows.csproj", "{D789EEB1-7DDF-4B98-ABBD-987FA63CAD15}"
EndProject
Global
	GlobalSection(SolutionConfigurationPlatforms) = preSolution
		Ad-Hoc|Any CPU = Ad-Hoc|Any CPU
		Ad-Hoc|ARM = Ad-Hoc|ARM
		Ad-Hoc|iPhone = Ad-Hoc|iPhone
		Ad-Hoc|iPhoneSimulator = Ad-Hoc|iPhoneSimulator
		Ad-Hoc|x64 = Ad-Hoc|x64
		Ad-Hoc|x86 = Ad-Hoc|x86
		AppStore|Any CPU = AppStore|Any CPU
		AppStore|ARM = AppStore|ARM
		AppStore|iPhone = AppStore|iPhone
		AppStore|iPhoneSimulator = AppStore|iPhoneSimulator
		AppStore|x64 = AppStore|x64
		AppStore|x86 = AppStore|x86
		Debug|Any CPU = Debug|Any CPU
		Debug|ARM = Debug|ARM
		Debug|iPhone = Debug|iPhone
		Debug|iPhoneSimulator = Debug|iPhoneSimulator
		Debug|x64 = Debug|x64
		Debug|x86 = Debug|x86
		Release|Any CPU = Release|Any CPU
		Release|ARM = Release|ARM
		Release|iPhone = Release|iPhone
		Release|iPhoneSimulator = Release|iPhoneSimulator
		Release|x64 = Release|x64
		Release|x86 = Release|x86
	EndGlobalSection
	GlobalSection(ProjectConfigurationPlatforms) = postSolution
		{CDEE2020-CEB6-4361-8126-DA20E8598411}.Ad-Hoc|Any CPU.ActiveCfg = Release|Any CPU
		{CDEE2020-CEB6-4361-8126-DA20E8598411}.Ad-Hoc|Any CPU.Build.0 = Release|Any CPU
		{CDEE2020-CEB6-4361-8126-DA20E8598411}.Ad-Hoc|ARM.ActiveCfg = Release|Any CPU
		{CDEE2020-CEB6-4361-8126-DA20E8598411}.Ad-Hoc|ARM.Build.0 = Release|Any CPU
		{CDEE2020-CEB6-4361-8126-DA20E8598411}.Ad-Hoc|iPhone.ActiveCfg = Release|Any CPU
		{CDEE2020-CEB6-4361-8126-DA20E8598411}.Ad-Hoc|iPhone.Build.0 = Release|Any CPU
		{CDEE2020-CEB6-4361-8126-DA20E8598411}.Ad-Hoc|iPhoneSimulator.ActiveCfg = Release|Any CPU
		{CDEE2020-CEB6-4361-8126-DA20E8598411}.Ad-Hoc|iPhoneSimulator.Build.0 = Release|Any CPU
		{CDEE2020-CEB6-4361-8126-DA20E8598411}.Ad-Hoc|x64.ActiveCfg = Release|Any CPU
		{CDEE2020-CEB6-4361-8126-DA20E8598411}.Ad-Hoc|x64.Build.0 = Release|Any CPU
		{CDEE2020-CEB6-4361-8126-DA20E8598411}.Ad-Hoc|x86.ActiveCfg = Release|Any CPU
		{CDEE2020-CEB6-4361-8126-DA20E8598411}.Ad-Hoc|x86.Build.0 = Release|Any CPU
		{CDEE2020-CEB6-4361-8126-DA20E8598411}.AppStore|Any CPU.ActiveCfg = Release|Any CPU
		{CDEE2020-CEB6-4361-8126-DA20E8598411}.AppStore|Any CPU.Build.0 = Release|Any CPU
		{CDEE2020-CEB6-4361-8126-DA20E8598411}.AppStore|ARM.ActiveCfg = Release|Any CPU
		{CDEE2020-CEB6-4361-8126-DA20E8598411}.AppStore|ARM.Build.0 = Release|Any CPU
		{CDEE2020-CEB6-4361-8126-DA20E8598411}.AppStore|iPhone.ActiveCfg = Release|Any CPU
		{CDEE2020-CEB6-4361-8126-DA20E8598411}.AppStore|iPhone.Build.0 = Release|Any CPU
		{CDEE2020-CEB6-4361-8126-DA20E8598411}.AppStore|iPhoneSimulator.ActiveCfg = Release|Any CPU
		{CDEE2020-CEB6-4361-8126-DA20E8598411}.AppStore|iPhoneSimulator.Build.0 = Release|Any CPU
		{CDEE2020-CEB6-4361-8126-DA20E8598411}.AppStore|x64.ActiveCfg = Release|Any CPU
		{CDEE2020-CEB6-4361-8126-DA20E8598411}.AppStore|x64.Build.0 = Release|Any CPU
		{CDEE2020-CEB6-4361-8126-DA20E8598411}.AppStore|x86.ActiveCfg = Release|Any CPU
		{CDEE2020-CEB6-4361-8126-DA20E8598411}.AppStore|x86.Build.0 = Release|Any CPU
		{CDEE2020-CEB6-4361-8126-DA20E8598411}.Debug|Any CPU.ActiveCfg = Debug|Any CPU
		{CDEE2020-CEB6-4361-8126-DA20E8598411}.Debug|Any CPU.Build.0 = Debug|Any CPU
		{CDEE2020-CEB6-4361-8126-DA20E8598411}.Debug|ARM.ActiveCfg = Debug|Any CPU
		{CDEE2020-CEB6-4361-8126-DA20E8598411}.Debug|ARM.Build.0 = Debug|Any CPU
		{CDEE2020-CEB6-4361-8126-DA20E8598411}.Debug|iPhone.ActiveCfg = Debug|Any CPU
		{CDEE2020-CEB6-4361-8126-DA20E8598411}.Debug|iPhone.Build.0 = Debug|Any CPU
		{CDEE2020-CEB6-4361-8126-DA20E8598411}.Debug|iPhoneSimulator.ActiveCfg = Debug|Any CPU
		{CDEE2020-CEB6-4361-8126-DA20E8598411}.Debug|iPhoneSimulator.Build.0 = Debug|Any CPU
		{CDEE2020-CEB6-4361-8126-DA20E8598411}.Debug|x64.ActiveCfg = Debug|Any CPU
		{CDEE2020-CEB6-4361-8126-DA20E8598411}.Debug|x64.Build.0 = Debug|Any CPU
		{CDEE2020-CEB6-4361-8126-DA20E8598411}.Debug|x86.ActiveCfg = Debug|Any CPU
		{CDEE2020-CEB6-4361-8126-DA20E8598411}.Debug|x86.Build.0 = Debug|Any CPU
		{CDEE2020-CEB6-4361-8126-DA20E8598411}.Release|Any CPU.ActiveCfg = Release|Any CPU
		{CDEE2020-CEB6-4361-8126-DA20E8598411}.Release|Any CPU.Build.0 = Release|Any CPU
		{CDEE2020-CEB6-4361-8126-DA20E8598411}.Release|ARM.ActiveCfg = Release|Any CPU
		{CDEE2020-CEB6-4361-8126-DA20E8598411}.Release|ARM.Build.0 = Release|Any CPU
		{CDEE2020-CEB6-4361-8126-DA20E8598411}.Release|iPhone.ActiveCfg = Release|Any CPU
		{CDEE2020-CEB6-4361-8126-DA20E8598411}.Release|iPhone.Build.0 = Release|Any CPU
		{CDEE2020-CEB6-4361-8126-DA20E8598411}.Release|iPhoneSimulator.ActiveCfg = Release|Any CPU
		{CDEE2020-CEB6-4361-8126-DA20E8598411}.Release|iPhoneSimulator.Build.0 = Release|Any CPU
		{CDEE2020-CEB6-4361-8126-DA20E8598411}.Release|x64.ActiveCfg = Release|Any CPU
		{CDEE2020-CEB6-4361-8126-DA20E8598411}.Release|x64.Build.0 = Release|Any CPU
		{CDEE2020-CEB6-4361-8126-DA20E8598411}.Release|x86.ActiveCfg = Release|Any CPU
		{CDEE2020-CEB6-4361-8126-DA20E8598411}.Release|x86.Build.0 = Release|Any CPU
		{806A2FDF-1217-4ED2-8487-DCD29E1AAAED}.Ad-Hoc|Any CPU.ActiveCfg = Release|Any CPU
		{806A2FDF-1217-4ED2-8487-DCD29E1AAAED}.Ad-Hoc|Any CPU.Build.0 = Release|Any CPU
		{806A2FDF-1217-4ED2-8487-DCD29E1AAAED}.Ad-Hoc|Any CPU.Deploy.0 = Release|Any CPU
		{806A2FDF-1217-4ED2-8487-DCD29E1AAAED}.Ad-Hoc|ARM.ActiveCfg = Release|Any CPU
		{806A2FDF-1217-4ED2-8487-DCD29E1AAAED}.Ad-Hoc|ARM.Build.0 = Release|Any CPU
		{806A2FDF-1217-4ED2-8487-DCD29E1AAAED}.Ad-Hoc|ARM.Deploy.0 = Release|Any CPU
		{806A2FDF-1217-4ED2-8487-DCD29E1AAAED}.Ad-Hoc|iPhone.ActiveCfg = Release|Any CPU
		{806A2FDF-1217-4ED2-8487-DCD29E1AAAED}.Ad-Hoc|iPhone.Build.0 = Release|Any CPU
		{806A2FDF-1217-4ED2-8487-DCD29E1AAAED}.Ad-Hoc|iPhone.Deploy.0 = Release|Any CPU
		{806A2FDF-1217-4ED2-8487-DCD29E1AAAED}.Ad-Hoc|iPhoneSimulator.ActiveCfg = Release|Any CPU
		{806A2FDF-1217-4ED2-8487-DCD29E1AAAED}.Ad-Hoc|iPhoneSimulator.Build.0 = Release|Any CPU
		{806A2FDF-1217-4ED2-8487-DCD29E1AAAED}.Ad-Hoc|iPhoneSimulator.Deploy.0 = Release|Any CPU
		{806A2FDF-1217-4ED2-8487-DCD29E1AAAED}.Ad-Hoc|x64.ActiveCfg = Release|Any CPU
		{806A2FDF-1217-4ED2-8487-DCD29E1AAAED}.Ad-Hoc|x64.Build.0 = Release|Any CPU
		{806A2FDF-1217-4ED2-8487-DCD29E1AAAED}.Ad-Hoc|x64.Deploy.0 = Release|Any CPU
		{806A2FDF-1217-4ED2-8487-DCD29E1AAAED}.Ad-Hoc|x86.ActiveCfg = Release|Any CPU
		{806A2FDF-1217-4ED2-8487-DCD29E1AAAED}.Ad-Hoc|x86.Build.0 = Release|Any CPU
		{806A2FDF-1217-4ED2-8487-DCD29E1AAAED}.Ad-Hoc|x86.Deploy.0 = Release|Any CPU
		{806A2FDF-1217-4ED2-8487-DCD29E1AAAED}.AppStore|Any CPU.ActiveCfg = Release|Any CPU
		{806A2FDF-1217-4ED2-8487-DCD29E1AAAED}.AppStore|Any CPU.Build.0 = Release|Any CPU
		{806A2FDF-1217-4ED2-8487-DCD29E1AAAED}.AppStore|Any CPU.Deploy.0 = Release|Any CPU
		{806A2FDF-1217-4ED2-8487-DCD29E1AAAED}.AppStore|ARM.ActiveCfg = Release|Any CPU
		{806A2FDF-1217-4ED2-8487-DCD29E1AAAED}.AppStore|ARM.Build.0 = Release|Any CPU
		{806A2FDF-1217-4ED2-8487-DCD29E1AAAED}.AppStore|ARM.Deploy.0 = Release|Any CPU
		{806A2FDF-1217-4ED2-8487-DCD29E1AAAED}.AppStore|iPhone.ActiveCfg = Release|Any CPU
		{806A2FDF-1217-4ED2-8487-DCD29E1AAAED}.AppStore|iPhone.Build.0 = Release|Any CPU
		{806A2FDF-1217-4ED2-8487-DCD29E1AAAED}.AppStore|iPhone.Deploy.0 = Release|Any CPU
		{806A2FDF-1217-4ED2-8487-DCD29E1AAAED}.AppStore|iPhoneSimulator.ActiveCfg = Release|Any CPU
		{806A2FDF-1217-4ED2-8487-DCD29E1AAAED}.AppStore|iPhoneSimulator.Build.0 = Release|Any CPU
		{806A2FDF-1217-4ED2-8487-DCD29E1AAAED}.AppStore|iPhoneSimulator.Deploy.0 = Release|Any CPU
		{806A2FDF-1217-4ED2-8487-DCD29E1AAAED}.AppStore|x64.ActiveCfg = Release|Any CPU
		{806A2FDF-1217-4ED2-8487-DCD29E1AAAED}.AppStore|x64.Build.0 = Release|Any CPU
		{806A2FDF-1217-4ED2-8487-DCD29E1AAAED}.AppStore|x64.Deploy.0 = Release|Any CPU
		{806A2FDF-1217-4ED2-8487-DCD29E1AAAED}.AppStore|x86.ActiveCfg = Release|Any CPU
		{806A2FDF-1217-4ED2-8487-DCD29E1AAAED}.AppStore|x86.Build.0 = Release|Any CPU
		{806A2FDF-1217-4ED2-8487-DCD29E1AAAED}.AppStore|x86.Deploy.0 = Release|Any CPU
		{806A2FDF-1217-4ED2-8487-DCD29E1AAAED}.Debug|Any CPU.ActiveCfg = Debug|Any CPU
		{806A2FDF-1217-4ED2-8487-DCD29E1AAAED}.Debug|Any CPU.Build.0 = Debug|Any CPU
		{806A2FDF-1217-4ED2-8487-DCD29E1AAAED}.Debug|Any CPU.Deploy.0 = Debug|Any CPU
		{806A2FDF-1217-4ED2-8487-DCD29E1AAAED}.Debug|ARM.ActiveCfg = Debug|Any CPU
		{806A2FDF-1217-4ED2-8487-DCD29E1AAAED}.Debug|ARM.Build.0 = Debug|Any CPU
		{806A2FDF-1217-4ED2-8487-DCD29E1AAAED}.Debug|ARM.Deploy.0 = Debug|Any CPU
		{806A2FDF-1217-4ED2-8487-DCD29E1AAAED}.Debug|iPhone.ActiveCfg = Debug|Any CPU
		{806A2FDF-1217-4ED2-8487-DCD29E1AAAED}.Debug|iPhone.Build.0 = Debug|Any CPU
		{806A2FDF-1217-4ED2-8487-DCD29E1AAAED}.Debug|iPhone.Deploy.0 = Debug|Any CPU
		{806A2FDF-1217-4ED2-8487-DCD29E1AAAED}.Debug|iPhoneSimulator.ActiveCfg = Debug|Any CPU
		{806A2FDF-1217-4ED2-8487-DCD29E1AAAED}.Debug|iPhoneSimulator.Build.0 = Debug|Any CPU
		{806A2FDF-1217-4ED2-8487-DCD29E1AAAED}.Debug|iPhoneSimulator.Deploy.0 = Debug|Any CPU
		{806A2FDF-1217-4ED2-8487-DCD29E1AAAED}.Debug|x64.ActiveCfg = Debug|Any CPU
		{806A2FDF-1217-4ED2-8487-DCD29E1AAAED}.Debug|x64.Build.0 = Debug|Any CPU
		{806A2FDF-1217-4ED2-8487-DCD29E1AAAED}.Debug|x64.Deploy.0 = Debug|Any CPU
		{806A2FDF-1217-4ED2-8487-DCD29E1AAAED}.Debug|x86.ActiveCfg = Debug|Any CPU
		{806A2FDF-1217-4ED2-8487-DCD29E1AAAED}.Debug|x86.Build.0 = Debug|Any CPU
		{806A2FDF-1217-4ED2-8487-DCD29E1AAAED}.Debug|x86.Deploy.0 = Debug|Any CPU
		{806A2FDF-1217-4ED2-8487-DCD29E1AAAED}.Release|Any CPU.ActiveCfg = Release|Any CPU
		{806A2FDF-1217-4ED2-8487-DCD29E1AAAED}.Release|Any CPU.Build.0 = Release|Any CPU
		{806A2FDF-1217-4ED2-8487-DCD29E1AAAED}.Release|Any CPU.Deploy.0 = Release|Any CPU
		{806A2FDF-1217-4ED2-8487-DCD29E1AAAED}.Release|ARM.ActiveCfg = Release|Any CPU
		{806A2FDF-1217-4ED2-8487-DCD29E1AAAED}.Release|ARM.Build.0 = Release|Any CPU
		{806A2FDF-1217-4ED2-8487-DCD29E1AAAED}.Release|ARM.Deploy.0 = Release|Any CPU
		{806A2FDF-1217-4ED2-8487-DCD29E1AAAED}.Release|iPhone.ActiveCfg = Release|Any CPU
		{806A2FDF-1217-4ED2-8487-DCD29E1AAAED}.Release|iPhone.Build.0 = Release|Any CPU
		{806A2FDF-1217-4ED2-8487-DCD29E1AAAED}.Release|iPhone.Deploy.0 = Release|Any CPU
		{806A2FDF-1217-4ED2-8487-DCD29E1AAAED}.Release|iPhoneSimulator.ActiveCfg = Release|Any CPU
		{806A2FDF-1217-4ED2-8487-DCD29E1AAAED}.Release|iPhoneSimulator.Build.0 = Release|Any CPU
		{806A2FDF-1217-4ED2-8487-DCD29E1AAAED}.Release|iPhoneSimulator.Deploy.0 = Release|Any CPU
		{806A2FDF-1217-4ED2-8487-DCD29E1AAAED}.Release|x64.ActiveCfg = Release|Any CPU
		{806A2FDF-1217-4ED2-8487-DCD29E1AAAED}.Release|x64.Build.0 = Release|Any CPU
		{806A2FDF-1217-4ED2-8487-DCD29E1AAAED}.Release|x64.Deploy.0 = Release|Any CPU
		{806A2FDF-1217-4ED2-8487-DCD29E1AAAED}.Release|x86.ActiveCfg = Release|Any CPU
		{806A2FDF-1217-4ED2-8487-DCD29E1AAAED}.Release|x86.Build.0 = Release|Any CPU
		{806A2FDF-1217-4ED2-8487-DCD29E1AAAED}.Release|x86.Deploy.0 = Release|Any CPU
		{2451159A-8E7D-4A8E-B0F5-8639A69EC5D8}.Ad-Hoc|Any CPU.ActiveCfg = Ad-Hoc|iPhone
		{2451159A-8E7D-4A8E-B0F5-8639A69EC5D8}.Ad-Hoc|ARM.ActiveCfg = Ad-Hoc|iPhone
		{2451159A-8E7D-4A8E-B0F5-8639A69EC5D8}.Ad-Hoc|iPhone.ActiveCfg = Ad-Hoc|iPhone
		{2451159A-8E7D-4A8E-B0F5-8639A69EC5D8}.Ad-Hoc|iPhone.Build.0 = Ad-Hoc|iPhone
		{2451159A-8E7D-4A8E-B0F5-8639A69EC5D8}.Ad-Hoc|iPhoneSimulator.ActiveCfg = Ad-Hoc|iPhoneSimulator
		{2451159A-8E7D-4A8E-B0F5-8639A69EC5D8}.Ad-Hoc|iPhoneSimulator.Build.0 = Ad-Hoc|iPhoneSimulator
		{2451159A-8E7D-4A8E-B0F5-8639A69EC5D8}.Ad-Hoc|x64.ActiveCfg = Ad-Hoc|iPhone
		{2451159A-8E7D-4A8E-B0F5-8639A69EC5D8}.Ad-Hoc|x86.ActiveCfg = Ad-Hoc|iPhone
		{2451159A-8E7D-4A8E-B0F5-8639A69EC5D8}.AppStore|Any CPU.ActiveCfg = AppStore|iPhone
		{2451159A-8E7D-4A8E-B0F5-8639A69EC5D8}.AppStore|ARM.ActiveCfg = AppStore|iPhone
		{2451159A-8E7D-4A8E-B0F5-8639A69EC5D8}.AppStore|iPhone.ActiveCfg = AppStore|iPhone
		{2451159A-8E7D-4A8E-B0F5-8639A69EC5D8}.AppStore|iPhone.Build.0 = AppStore|iPhone
		{2451159A-8E7D-4A8E-B0F5-8639A69EC5D8}.AppStore|iPhoneSimulator.ActiveCfg = AppStore|iPhoneSimulator
		{2451159A-8E7D-4A8E-B0F5-8639A69EC5D8}.AppStore|iPhoneSimulator.Build.0 = AppStore|iPhoneSimulator
		{2451159A-8E7D-4A8E-B0F5-8639A69EC5D8}.AppStore|x64.ActiveCfg = AppStore|iPhone
		{2451159A-8E7D-4A8E-B0F5-8639A69EC5D8}.AppStore|x86.ActiveCfg = AppStore|iPhone
		{2451159A-8E7D-4A8E-B0F5-8639A69EC5D8}.Debug|Any CPU.ActiveCfg = Debug|iPhone
		{2451159A-8E7D-4A8E-B0F5-8639A69EC5D8}.Debug|ARM.ActiveCfg = Debug|iPhone
		{2451159A-8E7D-4A8E-B0F5-8639A69EC5D8}.Debug|iPhone.ActiveCfg = Debug|iPhone
		{2451159A-8E7D-4A8E-B0F5-8639A69EC5D8}.Debug|iPhone.Build.0 = Debug|iPhone
		{2451159A-8E7D-4A8E-B0F5-8639A69EC5D8}.Debug|iPhoneSimulator.ActiveCfg = Debug|iPhoneSimulator
		{2451159A-8E7D-4A8E-B0F5-8639A69EC5D8}.Debug|iPhoneSimulator.Build.0 = Debug|iPhoneSimulator
		{2451159A-8E7D-4A8E-B0F5-8639A69EC5D8}.Debug|x64.ActiveCfg = Debug|iPhone
		{2451159A-8E7D-4A8E-B0F5-8639A69EC5D8}.Debug|x86.ActiveCfg = Debug|iPhone
		{2451159A-8E7D-4A8E-B0F5-8639A69EC5D8}.Release|Any CPU.ActiveCfg = Release|iPhone
		{2451159A-8E7D-4A8E-B0F5-8639A69EC5D8}.Release|ARM.ActiveCfg = Release|iPhone
		{2451159A-8E7D-4A8E-B0F5-8639A69EC5D8}.Release|iPhone.ActiveCfg = Release|iPhone
		{2451159A-8E7D-4A8E-B0F5-8639A69EC5D8}.Release|iPhone.Build.0 = Release|iPhone
		{2451159A-8E7D-4A8E-B0F5-8639A69EC5D8}.Release|iPhoneSimulator.ActiveCfg = Release|iPhoneSimulator
		{2451159A-8E7D-4A8E-B0F5-8639A69EC5D8}.Release|iPhoneSimulator.Build.0 = Release|iPhoneSimulator
		{2451159A-8E7D-4A8E-B0F5-8639A69EC5D8}.Release|x64.ActiveCfg = Release|iPhone
		{2451159A-8E7D-4A8E-B0F5-8639A69EC5D8}.Release|x86.ActiveCfg = Release|iPhone
		{9718AB05-11BB-44CC-9082-2F42B36EFB09}.Ad-Hoc|Any CPU.ActiveCfg = Release|Any CPU
		{9718AB05-11BB-44CC-9082-2F42B36EFB09}.Ad-Hoc|Any CPU.Build.0 = Release|Any CPU
		{9718AB05-11BB-44CC-9082-2F42B36EFB09}.Ad-Hoc|Any CPU.Deploy.0 = Release|Any CPU
		{9718AB05-11BB-44CC-9082-2F42B36EFB09}.Ad-Hoc|ARM.ActiveCfg = Release|ARM
		{9718AB05-11BB-44CC-9082-2F42B36EFB09}.Ad-Hoc|ARM.Build.0 = Release|ARM
		{9718AB05-11BB-44CC-9082-2F42B36EFB09}.Ad-Hoc|ARM.Deploy.0 = Release|ARM
		{9718AB05-11BB-44CC-9082-2F42B36EFB09}.Ad-Hoc|iPhone.ActiveCfg = Release|Any CPU
		{9718AB05-11BB-44CC-9082-2F42B36EFB09}.Ad-Hoc|iPhone.Build.0 = Release|Any CPU
		{9718AB05-11BB-44CC-9082-2F42B36EFB09}.Ad-Hoc|iPhone.Deploy.0 = Release|Any CPU
		{9718AB05-11BB-44CC-9082-2F42B36EFB09}.Ad-Hoc|iPhoneSimulator.ActiveCfg = Release|Any CPU
		{9718AB05-11BB-44CC-9082-2F42B36EFB09}.Ad-Hoc|iPhoneSimulator.Build.0 = Release|Any CPU
		{9718AB05-11BB-44CC-9082-2F42B36EFB09}.Ad-Hoc|iPhoneSimulator.Deploy.0 = Release|Any CPU
		{9718AB05-11BB-44CC-9082-2F42B36EFB09}.Ad-Hoc|x64.ActiveCfg = Release|Any CPU
		{9718AB05-11BB-44CC-9082-2F42B36EFB09}.Ad-Hoc|x64.Build.0 = Release|Any CPU
		{9718AB05-11BB-44CC-9082-2F42B36EFB09}.Ad-Hoc|x64.Deploy.0 = Release|Any CPU
		{9718AB05-11BB-44CC-9082-2F42B36EFB09}.Ad-Hoc|x86.ActiveCfg = Release|x86
		{9718AB05-11BB-44CC-9082-2F42B36EFB09}.Ad-Hoc|x86.Build.0 = Release|x86
		{9718AB05-11BB-44CC-9082-2F42B36EFB09}.Ad-Hoc|x86.Deploy.0 = Release|x86
		{9718AB05-11BB-44CC-9082-2F42B36EFB09}.AppStore|Any CPU.ActiveCfg = Release|Any CPU
		{9718AB05-11BB-44CC-9082-2F42B36EFB09}.AppStore|Any CPU.Build.0 = Release|Any CPU
		{9718AB05-11BB-44CC-9082-2F42B36EFB09}.AppStore|Any CPU.Deploy.0 = Release|Any CPU
		{9718AB05-11BB-44CC-9082-2F42B36EFB09}.AppStore|ARM.ActiveCfg = Release|ARM
		{9718AB05-11BB-44CC-9082-2F42B36EFB09}.AppStore|ARM.Build.0 = Release|ARM
		{9718AB05-11BB-44CC-9082-2F42B36EFB09}.AppStore|ARM.Deploy.0 = Release|ARM
		{9718AB05-11BB-44CC-9082-2F42B36EFB09}.AppStore|iPhone.ActiveCfg = Release|Any CPU
		{9718AB05-11BB-44CC-9082-2F42B36EFB09}.AppStore|iPhone.Build.0 = Release|Any CPU
		{9718AB05-11BB-44CC-9082-2F42B36EFB09}.AppStore|iPhone.Deploy.0 = Release|Any CPU
		{9718AB05-11BB-44CC-9082-2F42B36EFB09}.AppStore|iPhoneSimulator.ActiveCfg = Release|Any CPU
		{9718AB05-11BB-44CC-9082-2F42B36EFB09}.AppStore|iPhoneSimulator.Build.0 = Release|Any CPU
		{9718AB05-11BB-44CC-9082-2F42B36EFB09}.AppStore|iPhoneSimulator.Deploy.0 = Release|Any CPU
		{9718AB05-11BB-44CC-9082-2F42B36EFB09}.AppStore|x64.ActiveCfg = Release|Any CPU
		{9718AB05-11BB-44CC-9082-2F42B36EFB09}.AppStore|x64.Build.0 = Release|Any CPU
		{9718AB05-11BB-44CC-9082-2F42B36EFB09}.AppStore|x64.Deploy.0 = Release|Any CPU
		{9718AB05-11BB-44CC-9082-2F42B36EFB09}.AppStore|x86.ActiveCfg = Release|x86
		{9718AB05-11BB-44CC-9082-2F42B36EFB09}.AppStore|x86.Build.0 = Release|x86
		{9718AB05-11BB-44CC-9082-2F42B36EFB09}.AppStore|x86.Deploy.0 = Release|x86
		{9718AB05-11BB-44CC-9082-2F42B36EFB09}.Debug|Any CPU.ActiveCfg = Debug|Any CPU
		{9718AB05-11BB-44CC-9082-2F42B36EFB09}.Debug|Any CPU.Build.0 = Debug|Any CPU
		{9718AB05-11BB-44CC-9082-2F42B36EFB09}.Debug|Any CPU.Deploy.0 = Debug|Any CPU
		{9718AB05-11BB-44CC-9082-2F42B36EFB09}.Debug|ARM.ActiveCfg = Debug|ARM
		{9718AB05-11BB-44CC-9082-2F42B36EFB09}.Debug|ARM.Build.0 = Debug|ARM
		{9718AB05-11BB-44CC-9082-2F42B36EFB09}.Debug|ARM.Deploy.0 = Debug|ARM
		{9718AB05-11BB-44CC-9082-2F42B36EFB09}.Debug|iPhone.ActiveCfg = Debug|Any CPU
		{9718AB05-11BB-44CC-9082-2F42B36EFB09}.Debug|iPhone.Build.0 = Debug|Any CPU
		{9718AB05-11BB-44CC-9082-2F42B36EFB09}.Debug|iPhone.Deploy.0 = Debug|Any CPU
		{9718AB05-11BB-44CC-9082-2F42B36EFB09}.Debug|iPhoneSimulator.ActiveCfg = Debug|Any CPU
		{9718AB05-11BB-44CC-9082-2F42B36EFB09}.Debug|iPhoneSimulator.Build.0 = Debug|Any CPU
		{9718AB05-11BB-44CC-9082-2F42B36EFB09}.Debug|iPhoneSimulator.Deploy.0 = Debug|Any CPU
		{9718AB05-11BB-44CC-9082-2F42B36EFB09}.Debug|x64.ActiveCfg = Debug|Any CPU
		{9718AB05-11BB-44CC-9082-2F42B36EFB09}.Debug|x64.Build.0 = Debug|Any CPU
		{9718AB05-11BB-44CC-9082-2F42B36EFB09}.Debug|x64.Deploy.0 = Debug|Any CPU
		{9718AB05-11BB-44CC-9082-2F42B36EFB09}.Debug|x86.ActiveCfg = Debug|x86
		{9718AB05-11BB-44CC-9082-2F42B36EFB09}.Debug|x86.Build.0 = Debug|x86
		{9718AB05-11BB-44CC-9082-2F42B36EFB09}.Debug|x86.Deploy.0 = Debug|x86
		{9718AB05-11BB-44CC-9082-2F42B36EFB09}.Release|Any CPU.ActiveCfg = Release|Any CPU
		{9718AB05-11BB-44CC-9082-2F42B36EFB09}.Release|Any CPU.Build.0 = Release|Any CPU
		{9718AB05-11BB-44CC-9082-2F42B36EFB09}.Release|Any CPU.Deploy.0 = Release|Any CPU
		{9718AB05-11BB-44CC-9082-2F42B36EFB09}.Release|ARM.ActiveCfg = Release|ARM
		{9718AB05-11BB-44CC-9082-2F42B36EFB09}.Release|ARM.Build.0 = Release|ARM
		{9718AB05-11BB-44CC-9082-2F42B36EFB09}.Release|ARM.Deploy.0 = Release|ARM
		{9718AB05-11BB-44CC-9082-2F42B36EFB09}.Release|iPhone.ActiveCfg = Release|Any CPU
		{9718AB05-11BB-44CC-9082-2F42B36EFB09}.Release|iPhone.Build.0 = Release|Any CPU
		{9718AB05-11BB-44CC-9082-2F42B36EFB09}.Release|iPhone.Deploy.0 = Release|Any CPU
		{9718AB05-11BB-44CC-9082-2F42B36EFB09}.Release|iPhoneSimulator.ActiveCfg = Release|Any CPU
		{9718AB05-11BB-44CC-9082-2F42B36EFB09}.Release|iPhoneSimulator.Build.0 = Release|Any CPU
		{9718AB05-11BB-44CC-9082-2F42B36EFB09}.Release|iPhoneSimulator.Deploy.0 = Release|Any CPU
		{9718AB05-11BB-44CC-9082-2F42B36EFB09}.Release|x64.ActiveCfg = Release|Any CPU
		{9718AB05-11BB-44CC-9082-2F42B36EFB09}.Release|x64.Build.0 = Release|Any CPU
		{9718AB05-11BB-44CC-9082-2F42B36EFB09}.Release|x64.Deploy.0 = Release|Any CPU
		{9718AB05-11BB-44CC-9082-2F42B36EFB09}.Release|x86.ActiveCfg = Release|x86
		{9718AB05-11BB-44CC-9082-2F42B36EFB09}.Release|x86.Build.0 = Release|x86
		{9718AB05-11BB-44CC-9082-2F42B36EFB09}.Release|x86.Deploy.0 = Release|x86
		{C0D0139C-31E8-4470-9A06-47782B825AB6}.Ad-Hoc|Any CPU.ActiveCfg = Release|x86
		{C0D0139C-31E8-4470-9A06-47782B825AB6}.Ad-Hoc|Any CPU.Build.0 = Release|x86
		{C0D0139C-31E8-4470-9A06-47782B825AB6}.Ad-Hoc|Any CPU.Deploy.0 = Release|x86
		{C0D0139C-31E8-4470-9A06-47782B825AB6}.Ad-Hoc|ARM.ActiveCfg = Release|ARM
		{C0D0139C-31E8-4470-9A06-47782B825AB6}.Ad-Hoc|ARM.Build.0 = Release|ARM
		{C0D0139C-31E8-4470-9A06-47782B825AB6}.Ad-Hoc|ARM.Deploy.0 = Release|ARM
		{C0D0139C-31E8-4470-9A06-47782B825AB6}.Ad-Hoc|iPhone.ActiveCfg = Release|x86
		{C0D0139C-31E8-4470-9A06-47782B825AB6}.Ad-Hoc|iPhone.Build.0 = Release|x86
		{C0D0139C-31E8-4470-9A06-47782B825AB6}.Ad-Hoc|iPhone.Deploy.0 = Release|x86
		{C0D0139C-31E8-4470-9A06-47782B825AB6}.Ad-Hoc|iPhoneSimulator.ActiveCfg = Release|x86
		{C0D0139C-31E8-4470-9A06-47782B825AB6}.Ad-Hoc|iPhoneSimulator.Build.0 = Release|x86
		{C0D0139C-31E8-4470-9A06-47782B825AB6}.Ad-Hoc|iPhoneSimulator.Deploy.0 = Release|x86
		{C0D0139C-31E8-4470-9A06-47782B825AB6}.Ad-Hoc|x64.ActiveCfg = Release|x64
		{C0D0139C-31E8-4470-9A06-47782B825AB6}.Ad-Hoc|x64.Build.0 = Release|x64
		{C0D0139C-31E8-4470-9A06-47782B825AB6}.Ad-Hoc|x64.Deploy.0 = Release|x64
		{C0D0139C-31E8-4470-9A06-47782B825AB6}.Ad-Hoc|x86.ActiveCfg = Release|x86
		{C0D0139C-31E8-4470-9A06-47782B825AB6}.Ad-Hoc|x86.Build.0 = Release|x86
		{C0D0139C-31E8-4470-9A06-47782B825AB6}.Ad-Hoc|x86.Deploy.0 = Release|x86
		{C0D0139C-31E8-4470-9A06-47782B825AB6}.AppStore|Any CPU.ActiveCfg = Release|x86
		{C0D0139C-31E8-4470-9A06-47782B825AB6}.AppStore|Any CPU.Build.0 = Release|x86
		{C0D0139C-31E8-4470-9A06-47782B825AB6}.AppStore|Any CPU.Deploy.0 = Release|x86
		{C0D0139C-31E8-4470-9A06-47782B825AB6}.AppStore|ARM.ActiveCfg = Release|ARM
		{C0D0139C-31E8-4470-9A06-47782B825AB6}.AppStore|ARM.Build.0 = Release|ARM
		{C0D0139C-31E8-4470-9A06-47782B825AB6}.AppStore|ARM.Deploy.0 = Release|ARM
		{C0D0139C-31E8-4470-9A06-47782B825AB6}.AppStore|iPhone.ActiveCfg = Release|x86
		{C0D0139C-31E8-4470-9A06-47782B825AB6}.AppStore|iPhone.Build.0 = Release|x86
		{C0D0139C-31E8-4470-9A06-47782B825AB6}.AppStore|iPhone.Deploy.0 = Release|x86
		{C0D0139C-31E8-4470-9A06-47782B825AB6}.AppStore|iPhoneSimulator.ActiveCfg = Release|x86
		{C0D0139C-31E8-4470-9A06-47782B825AB6}.AppStore|iPhoneSimulator.Build.0 = Release|x86
		{C0D0139C-31E8-4470-9A06-47782B825AB6}.AppStore|iPhoneSimulator.Deploy.0 = Release|x86
		{C0D0139C-31E8-4470-9A06-47782B825AB6}.AppStore|x64.ActiveCfg = Release|x64
		{C0D0139C-31E8-4470-9A06-47782B825AB6}.AppStore|x64.Build.0 = Release|x64
		{C0D0139C-31E8-4470-9A06-47782B825AB6}.AppStore|x64.Deploy.0 = Release|x64
		{C0D0139C-31E8-4470-9A06-47782B825AB6}.AppStore|x86.ActiveCfg = Release|x86
		{C0D0139C-31E8-4470-9A06-47782B825AB6}.AppStore|x86.Build.0 = Release|x86
		{C0D0139C-31E8-4470-9A06-47782B825AB6}.AppStore|x86.Deploy.0 = Release|x86
		{C0D0139C-31E8-4470-9A06-47782B825AB6}.Debug|Any CPU.ActiveCfg = Debug|x86
		{C0D0139C-31E8-4470-9A06-47782B825AB6}.Debug|ARM.ActiveCfg = Debug|ARM
		{C0D0139C-31E8-4470-9A06-47782B825AB6}.Debug|ARM.Build.0 = Debug|ARM
		{C0D0139C-31E8-4470-9A06-47782B825AB6}.Debug|ARM.Deploy.0 = Debug|ARM
		{C0D0139C-31E8-4470-9A06-47782B825AB6}.Debug|iPhone.ActiveCfg = Debug|x86
		{C0D0139C-31E8-4470-9A06-47782B825AB6}.Debug|iPhoneSimulator.ActiveCfg = Debug|x86
		{C0D0139C-31E8-4470-9A06-47782B825AB6}.Debug|x64.ActiveCfg = Debug|x64
		{C0D0139C-31E8-4470-9A06-47782B825AB6}.Debug|x64.Build.0 = Debug|x64
		{C0D0139C-31E8-4470-9A06-47782B825AB6}.Debug|x64.Deploy.0 = Debug|x64
		{C0D0139C-31E8-4470-9A06-47782B825AB6}.Debug|x86.ActiveCfg = Debug|x86
		{C0D0139C-31E8-4470-9A06-47782B825AB6}.Debug|x86.Build.0 = Debug|x86
		{C0D0139C-31E8-4470-9A06-47782B825AB6}.Debug|x86.Deploy.0 = Debug|x86
		{C0D0139C-31E8-4470-9A06-47782B825AB6}.Release|Any CPU.ActiveCfg = Release|x86
		{C0D0139C-31E8-4470-9A06-47782B825AB6}.Release|ARM.ActiveCfg = Release|ARM
		{C0D0139C-31E8-4470-9A06-47782B825AB6}.Release|ARM.Build.0 = Release|ARM
		{C0D0139C-31E8-4470-9A06-47782B825AB6}.Release|ARM.Deploy.0 = Release|ARM
		{C0D0139C-31E8-4470-9A06-47782B825AB6}.Release|iPhone.ActiveCfg = Release|x86
		{C0D0139C-31E8-4470-9A06-47782B825AB6}.Release|iPhoneSimulator.ActiveCfg = Release|x86
		{C0D0139C-31E8-4470-9A06-47782B825AB6}.Release|x64.ActiveCfg = Release|x64
		{C0D0139C-31E8-4470-9A06-47782B825AB6}.Release|x64.Build.0 = Release|x64
		{C0D0139C-31E8-4470-9A06-47782B825AB6}.Release|x64.Deploy.0 = Release|x64
		{C0D0139C-31E8-4470-9A06-47782B825AB6}.Release|x86.ActiveCfg = Release|x86
		{C0D0139C-31E8-4470-9A06-47782B825AB6}.Release|x86.Build.0 = Release|x86
		{C0D0139C-31E8-4470-9A06-47782B825AB6}.Release|x86.Deploy.0 = Release|x86
		{D789EEB1-7DDF-4B98-ABBD-987FA63CAD15}.Ad-Hoc|Any CPU.ActiveCfg = Release|Any CPU
		{D789EEB1-7DDF-4B98-ABBD-987FA63CAD15}.Ad-Hoc|Any CPU.Build.0 = Release|Any CPU
		{D789EEB1-7DDF-4B98-ABBD-987FA63CAD15}.Ad-Hoc|Any CPU.Deploy.0 = Release|Any CPU
		{D789EEB1-7DDF-4B98-ABBD-987FA63CAD15}.Ad-Hoc|ARM.ActiveCfg = Release|ARM
		{D789EEB1-7DDF-4B98-ABBD-987FA63CAD15}.Ad-Hoc|ARM.Build.0 = Release|ARM
		{D789EEB1-7DDF-4B98-ABBD-987FA63CAD15}.Ad-Hoc|ARM.Deploy.0 = Release|ARM
		{D789EEB1-7DDF-4B98-ABBD-987FA63CAD15}.Ad-Hoc|iPhone.ActiveCfg = Release|Any CPU
		{D789EEB1-7DDF-4B98-ABBD-987FA63CAD15}.Ad-Hoc|iPhone.Build.0 = Release|Any CPU
		{D789EEB1-7DDF-4B98-ABBD-987FA63CAD15}.Ad-Hoc|iPhone.Deploy.0 = Release|Any CPU
		{D789EEB1-7DDF-4B98-ABBD-987FA63CAD15}.Ad-Hoc|iPhoneSimulator.ActiveCfg = Release|Any CPU
		{D789EEB1-7DDF-4B98-ABBD-987FA63CAD15}.Ad-Hoc|iPhoneSimulator.Build.0 = Release|Any CPU
		{D789EEB1-7DDF-4B98-ABBD-987FA63CAD15}.Ad-Hoc|iPhoneSimulator.Deploy.0 = Release|Any CPU
		{D789EEB1-7DDF-4B98-ABBD-987FA63CAD15}.Ad-Hoc|x64.ActiveCfg = Release|x64
		{D789EEB1-7DDF-4B98-ABBD-987FA63CAD15}.Ad-Hoc|x64.Build.0 = Release|x64
		{D789EEB1-7DDF-4B98-ABBD-987FA63CAD15}.Ad-Hoc|x64.Deploy.0 = Release|x64
		{D789EEB1-7DDF-4B98-ABBD-987FA63CAD15}.Ad-Hoc|x86.ActiveCfg = Release|x86
		{D789EEB1-7DDF-4B98-ABBD-987FA63CAD15}.Ad-Hoc|x86.Build.0 = Release|x86
		{D789EEB1-7DDF-4B98-ABBD-987FA63CAD15}.Ad-Hoc|x86.Deploy.0 = Release|x86
		{D789EEB1-7DDF-4B98-ABBD-987FA63CAD15}.AppStore|Any CPU.ActiveCfg = Release|Any CPU
		{D789EEB1-7DDF-4B98-ABBD-987FA63CAD15}.AppStore|Any CPU.Build.0 = Release|Any CPU
		{D789EEB1-7DDF-4B98-ABBD-987FA63CAD15}.AppStore|Any CPU.Deploy.0 = Release|Any CPU
		{D789EEB1-7DDF-4B98-ABBD-987FA63CAD15}.AppStore|ARM.ActiveCfg = Release|ARM
		{D789EEB1-7DDF-4B98-ABBD-987FA63CAD15}.AppStore|ARM.Build.0 = Release|ARM
		{D789EEB1-7DDF-4B98-ABBD-987FA63CAD15}.AppStore|ARM.Deploy.0 = Release|ARM
		{D789EEB1-7DDF-4B98-ABBD-987FA63CAD15}.AppStore|iPhone.ActiveCfg = Release|Any CPU
		{D789EEB1-7DDF-4B98-ABBD-987FA63CAD15}.AppStore|iPhone.Build.0 = Release|Any CPU
		{D789EEB1-7DDF-4B98-ABBD-987FA63CAD15}.AppStore|iPhone.Deploy.0 = Release|Any CPU
		{D789EEB1-7DDF-4B98-ABBD-987FA63CAD15}.AppStore|iPhoneSimulator.ActiveCfg = Release|Any CPU
		{D789EEB1-7DDF-4B98-ABBD-987FA63CAD15}.AppStore|iPhoneSimulator.Build.0 = Release|Any CPU
		{D789EEB1-7DDF-4B98-ABBD-987FA63CAD15}.AppStore|iPhoneSimulator.Deploy.0 = Release|Any CPU
		{D789EEB1-7DDF-4B98-ABBD-987FA63CAD15}.AppStore|x64.ActiveCfg = Release|x64
		{D789EEB1-7DDF-4B98-ABBD-987FA63CAD15}.AppStore|x64.Build.0 = Release|x64
		{D789EEB1-7DDF-4B98-ABBD-987FA63CAD15}.AppStore|x64.Deploy.0 = Release|x64
		{D789EEB1-7DDF-4B98-ABBD-987FA63CAD15}.AppStore|x86.ActiveCfg = Release|x86
		{D789EEB1-7DDF-4B98-ABBD-987FA63CAD15}.AppStore|x86.Build.0 = Release|x86
		{D789EEB1-7DDF-4B98-ABBD-987FA63CAD15}.AppStore|x86.Deploy.0 = Release|x86
		{D789EEB1-7DDF-4B98-ABBD-987FA63CAD15}.Debug|Any CPU.ActiveCfg = Debug|Any CPU
		{D789EEB1-7DDF-4B98-ABBD-987FA63CAD15}.Debug|Any CPU.Build.0 = Debug|Any CPU
		{D789EEB1-7DDF-4B98-ABBD-987FA63CAD15}.Debug|Any CPU.Deploy.0 = Debug|Any CPU
		{D789EEB1-7DDF-4B98-ABBD-987FA63CAD15}.Debug|ARM.ActiveCfg = Debug|ARM
		{D789EEB1-7DDF-4B98-ABBD-987FA63CAD15}.Debug|ARM.Build.0 = Debug|ARM
		{D789EEB1-7DDF-4B98-ABBD-987FA63CAD15}.Debug|ARM.Deploy.0 = Debug|ARM
		{D789EEB1-7DDF-4B98-ABBD-987FA63CAD15}.Debug|iPhone.ActiveCfg = Debug|Any CPU
		{D789EEB1-7DDF-4B98-ABBD-987FA63CAD15}.Debug|iPhone.Build.0 = Debug|Any CPU
		{D789EEB1-7DDF-4B98-ABBD-987FA63CAD15}.Debug|iPhone.Deploy.0 = Debug|Any CPU
		{D789EEB1-7DDF-4B98-ABBD-987FA63CAD15}.Debug|iPhoneSimulator.ActiveCfg = Debug|Any CPU
		{D789EEB1-7DDF-4B98-ABBD-987FA63CAD15}.Debug|iPhoneSimulator.Build.0 = Debug|Any CPU
		{D789EEB1-7DDF-4B98-ABBD-987FA63CAD15}.Debug|iPhoneSimulator.Deploy.0 = Debug|Any CPU
		{D789EEB1-7DDF-4B98-ABBD-987FA63CAD15}.Debug|x64.ActiveCfg = Debug|x64
		{D789EEB1-7DDF-4B98-ABBD-987FA63CAD15}.Debug|x64.Build.0 = Debug|x64
		{D789EEB1-7DDF-4B98-ABBD-987FA63CAD15}.Debug|x64.Deploy.0 = Debug|x64
		{D789EEB1-7DDF-4B98-ABBD-987FA63CAD15}.Debug|x86.ActiveCfg = Debug|x86
		{D789EEB1-7DDF-4B98-ABBD-987FA63CAD15}.Debug|x86.Build.0 = Debug|x86
		{D789EEB1-7DDF-4B98-ABBD-987FA63CAD15}.Debug|x86.Deploy.0 = Debug|x86
		{D789EEB1-7DDF-4B98-ABBD-987FA63CAD15}.Release|Any CPU.ActiveCfg = Release|Any CPU
		{D789EEB1-7DDF-4B98-ABBD-987FA63CAD15}.Release|Any CPU.Build.0 = Release|Any CPU
		{D789EEB1-7DDF-4B98-ABBD-987FA63CAD15}.Release|Any CPU.Deploy.0 = Release|Any CPU
		{D789EEB1-7DDF-4B98-ABBD-987FA63CAD15}.Release|ARM.ActiveCfg = Release|ARM
		{D789EEB1-7DDF-4B98-ABBD-987FA63CAD15}.Release|ARM.Build.0 = Release|ARM
		{D789EEB1-7DDF-4B98-ABBD-987FA63CAD15}.Release|ARM.Deploy.0 = Release|ARM
		{D789EEB1-7DDF-4B98-ABBD-987FA63CAD15}.Release|iPhone.ActiveCfg = Release|Any CPU
		{D789EEB1-7DDF-4B98-ABBD-987FA63CAD15}.Release|iPhone.Build.0 = Release|Any CPU
		{D789EEB1-7DDF-4B98-ABBD-987FA63CAD15}.Release|iPhone.Deploy.0 = Release|Any CPU
		{D789EEB1-7DDF-4B98-ABBD-987FA63CAD15}.Release|iPhoneSimulator.ActiveCfg = Release|Any CPU
		{D789EEB1-7DDF-4B98-ABBD-987FA63CAD15}.Release|iPhoneSimulator.Build.0 = Release|Any CPU
		{D789EEB1-7DDF-4B98-ABBD-987FA63CAD15}.Release|iPhoneSimulator.Deploy.0 = Release|Any CPU
		{D789EEB1-7DDF-4B98-ABBD-987FA63CAD15}.Release|x64.ActiveCfg = Release|x64
		{D789EEB1-7DDF-4B98-ABBD-987FA63CAD15}.Release|x64.Build.0 = Release|x64
		{D789EEB1-7DDF-4B98-ABBD-987FA63CAD15}.Release|x64.Deploy.0 = Release|x64
		{D789EEB1-7DDF-4B98-ABBD-987FA63CAD15}.Release|x86.ActiveCfg = Release|x86
		{D789EEB1-7DDF-4B98-ABBD-987FA63CAD15}.Release|x86.Build.0 = Release|x86
		{D789EEB1-7DDF-4B98-ABBD-987FA63CAD15}.Release|x86.Deploy.0 = Release|x86
	EndGlobalSection
	GlobalSection(SolutionProperties) = preSolution
		HideSolutionNode = FALSE
	EndGlobalSection
EndGlobal
